
Microsoft Visual Studio Solution File, Format Version 12.00
# Visual Studio Version 17
VisualStudioVersion = 17.1.32421.90
MinimumVisualStudioVersion = 10.0.40219.1
Project("{FAE04EC0-301F-11D3-BF4B-00C04F79EFBC}") = "pdc-api", "pdc-api\pdc-api.csproj", "{BA7BE2CB-580C-4BB5-89A7-94D98F58C07C}"
EndProject
Global
	GlobalSection(SolutionConfigurationPlatforms) = preSolution
		Debug|Any CPU = Debug|Any CPU
		Release|Any CPU = Release|Any CPU
	EndGlobalSection
	GlobalSection(ProjectConfigurationPlatforms) = postSolution
		{BA7BE2CB-580C-4BB5-89A7-94D98F58C07C}.Debug|Any CPU.ActiveCfg = Debug|Any CPU
		{BA7BE2CB-580C-4BB5-89A7-94D98F58C07C}.Debug|Any CPU.Build.0 = Debug|Any CPU
		{BA7BE2CB-580C-4BB5-89A7-94D98F58C07C}.Release|Any CPU.ActiveCfg = Release|Any CPU
		{BA7BE2CB-580C-4BB5-89A7-94D98F58C07C}.Release|Any CPU.Build.0 = Release|Any CPU
	EndGlobalSection
	GlobalSection(SolutionProperties) = preSolution
		HideSolutionNode = FALSE
	EndGlobalSection
	GlobalSection(ExtensibilityGlobals) = postSolution
		SolutionGuid = {42A17665-00B9-4CF2-B3C7-EF26B315C842}
	EndGlobalSection
EndGlobal
